// !$*UTF8*$!
{
	archiveVersion = 1;
	classes = {
	};
	objectVersion = 50;
	objects = {

/* Begin PBXBuildFile section */
		2B4430DD2148A944003A494E /* AppDelegate.swift in Sources */ = {isa = PBXBuildFile; fileRef = 2B4430DC2148A944003A494E /* AppDelegate.swift */; };
		2B4430DF2148A944003A494E /* ViewController.swift in Sources */ = {isa = PBXBuildFile; fileRef = 2B4430DE2148A944003A494E /* ViewController.swift */; };
		2B4430E22148A944003A494E /* Main.storyboard in Resources */ = {isa = PBXBuildFile; fileRef = 2B4430E02148A944003A494E /* Main.storyboard */; };
		2B4430E42148A945003A494E /* Assets.xcassets in Resources */ = {isa = PBXBuildFile; fileRef = 2B4430E32148A945003A494E /* Assets.xcassets */; };
		2B4430E72148A945003A494E /* LaunchScreen.storyboard in Resources */ = {isa = PBXBuildFile; fileRef = 2B4430E52148A945003A494E /* LaunchScreen.storyboard */; };
		2B4430F22148A945003A494E /* Count3Tests.swift in Sources */ = {isa = PBXBuildFile; fileRef = 2B4430F12148A945003A494E /* Count3Tests.swift */; };
		2B4430FD2148A945003A494E /* Count3UITests.swift in Sources */ = {isa = PBXBuildFile; fileRef = 2B4430FC2148A945003A494E /* Count3UITests.swift */; };
/* End PBXBuildFile section */

/* Begin PBXContainerItemProxy section */
		2B4430EE2148A945003A494E /* PBXContainerItemProxy */ = {
			isa = PBXContainerItemProxy;
			containerPortal = 2B4430D12148A944003A494E /* Project object */;
			proxyType = 1;
			remoteGlobalIDString = 2B4430D82148A944003A494E;
			remoteInfo = Count3;
		};
		2B4430F92148A945003A494E /* PBXContainerItemProxy */ = {
			isa = PBXContainerItemProxy;
			containerPortal = 2B4430D12148A944003A494E /* Project object */;
			proxyType = 1;
			remoteGlobalIDString = 2B4430D82148A944003A494E;
			remoteInfo = Count3;
		};
/* End PBXContainerItemProxy section */

/* Begin PBXFileReference section */
		2B4430D92148A944003A494E /* Count3.app */ = {isa = PBXFileReference; explicitFileType = wrapper.application; includeInIndex = 0; path = Count3.app; sourceTree = BUILT_PRODUCTS_DIR; };
		2B4430DC2148A944003A494E /* AppDelegate.swift */ = {isa = PBXFileReference; lastKnownFileType = sourcecode.swift; path = AppDelegate.swift; sourceTree = "<group>"; };
		2B4430DE2148A944003A494E /* ViewController.swift */ = {isa = PBXFileReference; lastKnownFileType = sourcecode.swift; path = ViewController.swift; sourceTree = "<group>"; };
		2B4430E12148A944003A494E /* Base */ = {isa = PBXFileReference; lastKnownFileType = file.storyboard; name = Base; path = Base.lproj/Main.storyboard; sourceTree = "<group>"; };
		2B4430E32148A945003A494E /* Assets.xcassets */ = {isa = PBXFileReference; lastKnownFileType = folder.assetcatalog; path = Assets.xcassets; sourceTree = "<group>"; };
		2B4430E62148A945003A494E /* Base */ = {isa = PBXFileReference; lastKnownFileType = file.storyboard; name = Base; path = Base.lproj/LaunchScreen.storyboard; sourceTree = "<group>"; };
		2B4430E82148A945003A494E /* Info.plist */ = {isa = PBXFileReference; lastKnownFileType = text.plist.xml; path = Info.plist; sourceTree = "<group>"; };
		2B4430ED2148A945003A494E /* Count3Tests.xctest */ = {isa = PBXFileReference; explicitFileType = wrapper.cfbundle; includeInIndex = 0; path = Count3Tests.xctest; sourceTree = BUILT_PRODUCTS_DIR; };
		2B4430F12148A945003A494E /* Count3Tests.swift */ = {isa = PBXFileReference; lastKnownFileType = sourcecode.swift; path = Count3Tests.swift; sourceTree = "<group>"; };
		2B4430F32148A945003A494E /* Info.plist */ = {isa = PBXFileReference; lastKnownFileType = text.plist.xml; path = Info.plist; sourceTree = "<group>"; };
		2B4430F82148A945003A494E /* Count3UITests.xctest */ = {isa = PBXFileReference; explicitFileType = wrapper.cfbundle; includeInIndex = 0; path = Count3UITests.xctest; sourceTree = BUILT_PRODUCTS_DIR; };
		2B4430FC2148A945003A494E /* Count3UITests.swift */ = {isa = PBXFileReference; lastKnownFileType = sourcecode.swift; path = Count3UITests.swift; sourceTree = "<group>"; };
		2B4430FE2148A945003A494E /* Info.plist */ = {isa = PBXFileReference; lastKnownFileType = text.plist.xml; path = Info.plist; sourceTree = "<group>"; };
/* End PBXFileReference section */

/* Begin PBXFrameworksBuildPhase section */
		2B4430D62148A944003A494E /* Frameworks */ = {
			isa = PBXFrameworksBuildPhase;
			buildActionMask = 2147483647;
			files = (
			);
			runOnlyForDeploymentPostprocessing = 0;
		};
		2B4430EA2148A945003A494E /* Frameworks */ = {
			isa = PBXFrameworksBuildPhase;
			buildActionMask = 2147483647;
			files = (
			);
			runOnlyForDeploymentPostprocessing = 0;
		};
		2B4430F52148A945003A494E /* Frameworks */ = {
			isa = PBXFrameworksBuildPhase;
			buildActionMask = 2147483647;
			files = (
			);
			runOnlyForDeploymentPostprocessing = 0;
		};
/* End PBXFrameworksBuildPhase section */

/* Begin PBXGroup section */
		2B4430D02148A944003A494E = {
			isa = PBXGroup;
			children = (
				2B4430DB2148A944003A494E /* Count3 */,
				2B4430F02148A945003A494E /* Count3Tests */,
				2B4430FB2148A945003A494E /* Count3UITests */,
				2B4430DA2148A944003A494E /* Products */,
			);
			sourceTree = "<group>";
		};
		2B4430DA2148A944003A494E /* Products */ = {
			isa = PBXGroup;
			children = (
				2B4430D92148A944003A494E /* Count3.app */,
				2B4430ED2148A945003A494E /* Count3Tests.xctest */,
				2B4430F82148A945003A494E /* Count3UITests.xctest */,
			);
			name = Products;
			sourceTree = "<group>";
		};
		2B4430DB2148A944003A494E /* Count3 */ = {
			isa = PBXGroup;
			children = (
				2B4430DC2148A944003A494E /* AppDelegate.swift */,
				2B4430DE2148A944003A494E /* ViewController.swift */,
				2B4430E02148A944003A494E /* Main.storyboard */,
				2B4430E32148A945003A494E /* Assets.xcassets */,
				2B4430E52148A945003A494E /* LaunchScreen.storyboard */,
				2B4430E82148A945003A494E /* Info.plist */,
			);
			path = Count3;
			sourceTree = "<group>";
		};
		2B4430F02148A945003A494E /* Count3Tests */ = {
			isa = PBXGroup;
			children = (
				2B4430F12148A945003A494E /* Count3Tests.swift */,
				2B4430F32148A945003A494E /* Info.plist */,
			);
			path = Count3Tests;
			sourceTree = "<group>";
		};
		2B4430FB2148A945003A494E /* Count3UITests */ = {
			isa = PBXGroup;
			children = (
				2B4430FC2148A945003A494E /* Count3UITests.swift */,
				2B4430FE2148A945003A494E /* Info.plist */,
			);
			path = Count3UITests;
			sourceTree = "<group>";
		};
/* End PBXGroup section */

/* Begin PBXNativeTarget section */
		2B4430D82148A944003A494E /* Count3 */ = {
			isa = PBXNativeTarget;
			buildConfigurationList = 2B4431012148A945003A494E /* Build configuration list for PBXNativeTarget "Count3" */;
			buildPhases = (
				2B4430D52148A944003A494E /* Sources */,
				2B4430D62148A944003A494E /* Frameworks */,
				2B4430D72148A944003A494E /* Resources */,
			);
			buildRules = (
			);
			dependencies = (
			);
			name = Count3;
			productName = Count3;
			productReference = 2B4430D92148A944003A494E /* Count3.app */;
			productType = "com.apple.product-type.application";
		};
		2B4430EC2148A945003A494E /* Count3Tests */ = {
			isa = PBXNativeTarget;
			buildConfigurationList = 2B4431042148A945003A494E /* Build configuration list for PBXNativeTarget "Count3Tests" */;
			buildPhases = (
				2B4430E92148A945003A494E /* Sources */,
				2B4430EA2148A945003A494E /* Frameworks */,
				2B4430EB2148A945003A494E /* Resources */,
			);
			buildRules = (
			);
			dependencies = (
				2B4430EF2148A945003A494E /* PBXTargetDependency */,
			);
			name = Count3Tests;
			productName = Count3Tests;
			productReference = 2B4430ED2148A945003A494E /* Count3Tests.xctest */;
			productType = "com.apple.product-type.bundle.unit-test";
		};
		2B4430F72148A945003A494E /* Count3UITests */ = {
			isa = PBXNativeTarget;
			buildConfigurationList = 2B4431072148A945003A494E /* Build configuration list for PBXNativeTarget "Count3UITests" */;
			buildPhases = (
				2B4430F42148A945003A494E /* Sources */,
				2B4430F52148A945003A494E /* Frameworks */,
				2B4430F62148A945003A494E /* Resources */,
			);
			buildRules = (
			);
			dependencies = (
				2B4430FA2148A945003A494E /* PBXTargetDependency */,
			);
			name = Count3UITests;
			productName = Count3UITests;
			productReference = 2B4430F82148A945003A494E /* Count3UITests.xctest */;
			productType = "com.apple.product-type.bundle.ui-testing";
		};
/* End PBXNativeTarget section */

/* Begin PBXProject section */
		2B4430D12148A944003A494E /* Project object */ = {
			isa = PBXProject;
			attributes = {
				LastSwiftUpdateCheck = 0940;
				LastUpgradeCheck = 0940;
				ORGANIZATIONNAME = Mika;
				TargetAttributes = {
					2B4430D82148A944003A494E = {
						CreatedOnToolsVersion = 9.4.1;
					};
					2B4430EC2148A945003A494E = {
						CreatedOnToolsVersion = 9.4.1;
						TestTargetID = 2B4430D82148A944003A494E;
					};
					2B4430F72148A945003A494E = {
						CreatedOnToolsVersion = 9.4.1;
						TestTargetID = 2B4430D82148A944003A494E;
					};
				};
			};
			buildConfigurationList = 2B4430D42148A944003A494E /* Build configuration list for PBXProject "Count3" */;
			compatibilityVersion = "Xcode 9.3";
			developmentRegion = en;
			hasScannedForEncodings = 0;
			knownRegions = (
				en,
				Base,
			);
			mainGroup = 2B4430D02148A944003A494E;
			productRefGroup = 2B4430DA2148A944003A494E /* Products */;
			projectDirPath = "";
			projectRoot = "";
			targets = (
				2B4430D82148A944003A494E /* Count3 */,
				2B4430EC2148A945003A494E /* Count3Tests */,
				2B4430F72148A945003A494E /* Count3UITests */,
			);
		};
/* End PBXProject section */

/* Begin PBXResourcesBuildPhase section */
		2B4430D72148A944003A494E /* Resources */ = {
			isa = PBXResourcesBuildPhase;
			buildActionMask = 2147483647;
			files = (
				2B4430E72148A945003A494E /* LaunchScreen.storyboard in Resources */,
				2B4430E42148A945003A494E /* Assets.xcassets in Resources */,
				2B4430E22148A944003A494E /* Main.storyboard in Resources */,
			);
			runOnlyForDeploymentPostprocessing = 0;
		};
		2B4430EB2148A945003A494E /* Resources */ = {
			isa = PBXResourcesBuildPhase;
			buildActionMask = 2147483647;
			files = (
			);
			runOnlyForDeploymentPostprocessing = 0;
		};
		2B4430F62148A945003A494E /* Resources */ = {
			isa = PBXResourcesBuildPhase;
			buildActionMask = 2147483647;
			files = (
			);
			runOnlyForDeploymentPostprocessing = 0;
		};
/* End PBXResourcesBuildPhase section */

/* Begin PBXSourcesBuildPhase section */
		2B4430D52148A944003A494E /* Sources */ = {
			isa = PBXSourcesBuildPhase;
			buildActionMask = 2147483647;
			files = (
				2B4430DF2148A944003A494E /* ViewController.swift in Sources */,
				2B4430DD2148A944003A494E /* AppDelegate.swift in Sources */,
			);
			runOnlyForDeploymentPostprocessing = 0;
		};
		2B4430E92148A945003A494E /* Sources */ = {
			isa = PBXSourcesBuildPhase;
			buildActionMask = 2147483647;
			files = (
				2B4430F22148A945003A494E /* Count3Tests.swift in Sources */,
			);
			runOnlyForDeploymentPostprocessing = 0;
		};
		2B4430F42148A945003A494E /* Sources */ = {
			isa = PBXSourcesBuildPhase;
			buildActionMask = 2147483647;
			files = (
				2B4430FD2148A945003A494E /* Count3UITests.swift in Sources */,
			);
			runOnlyForDeploymentPostprocessing = 0;
		};
/* End PBXSourcesBuildPhase section */

/* Begin PBXTargetDependency section */
		2B4430EF2148A945003A494E /* PBXTargetDependency */ = {
			isa = PBXTargetDependency;
			target = 2B4430D82148A944003A494E /* Count3 */;
			targetProxy = 2B4430EE2148A945003A494E /* PBXContainerItemProxy */;
		};
		2B4430FA2148A945003A494E /* PBXTargetDependency */ = {
			isa = PBXTargetDependency;
			target = 2B4430D82148A944003A494E /* Count3 */;
			targetProxy = 2B4430F92148A945003A494E /* PBXContainerItemProxy */;
		};
/* End PBXTargetDependency section */

/* Begin PBXVariantGroup section */
		2B4430E02148A944003A494E /* Main.storyboard */ = {
			isa = PBXVariantGroup;
			children = (
				2B4430E12148A944003A494E /* Base */,
			);
			name = Main.storyboard;
			sourceTree = "<group>";
		};
		2B4430E52148A945003A494E /* LaunchScreen.storyboard */ = {
			isa = PBXVariantGroup;
			children = (
				2B4430E62148A945003A494E /* Base */,
			);
			name = LaunchScreen.storyboard;
			sourceTree = "<group>";
		};
/* End PBXVariantGroup section */

/* Begin XCBuildConfiguration section */
		2B4430FF2148A945003A494E /* Debug */ = {
			isa = XCBuildConfiguration;
			buildSettings = {
				ALWAYS_SEARCH_USER_PATHS = NO;
				CLANG_ANALYZER_NONNULL = YES;
				CLANG_ANALYZER_NUMBER_OBJECT_CONVERSION = YES_AGGRESSIVE;
				CLANG_CXX_LANGUAGE_STANDARD = "gnu++14";
				CLANG_CXX_LIBRARY = "libc++";
				CLANG_ENABLE_MODULES = YES;
				CLANG_ENABLE_OBJC_ARC = YES;
				CLANG_ENABLE_OBJC_WEAK = YES;
				CLANG_WARN_BLOCK_CAPTURE_AUTORELEASING = YES;
				CLANG_WARN_BOOL_CONVERSION = YES;
				CLANG_WARN_COMMA = YES;
				CLANG_WARN_CONSTANT_CONVERSION = YES;
				CLANG_WARN_DEPRECATED_OBJC_IMPLEMENTATIONS = YES;
				CLANG_WARN_DIRECT_OBJC_ISA_USAGE = YES_ERROR;
				CLANG_WARN_DOCUMENTATION_COMMENTS = YES;
				CLANG_WARN_EMPTY_BODY = YES;
				CLANG_WARN_ENUM_CONVERSION = YES;
				CLANG_WARN_INFINITE_RECURSION = YES;
				CLANG_WARN_INT_CONVERSION = YES;
				CLANG_WARN_NON_LITERAL_NULL_CONVERSION = YES;
				CLANG_WARN_OBJC_IMPLICIT_RETAIN_SELF = YES;
				CLANG_WARN_OBJC_LITERAL_CONVERSION = YES;
				CLANG_WARN_OBJC_ROOT_CLASS = YES_ERROR;
				CLANG_WARN_RANGE_LOOP_ANALYSIS = YES;
				CLANG_WARN_STRICT_PROTOTYPES = YES;
				CLANG_WARN_SUSPICIOUS_MOVE = YES;
				CLANG_WARN_UNGUARDED_AVAILABILITY = YES_AGGRESSIVE;
				CLANG_WARN_UNREACHABLE_CODE = YES;
				CLANG_WARN__DUPLICATE_METHOD_MATCH = YES;
				CODE_SIGN_IDENTITY = "iPhone Developer";
				COPY_PHASE_STRIP = NO;
				DEBUG_INFORMATION_FORMAT = dwarf;
				ENABLE_STRICT_OBJC_MSGSEND = YES;
				ENABLE_TESTABILITY = YES;
				GCC_C_LANGUAGE_STANDARD = gnu11;
				GCC_DYNAMIC_NO_PIC = NO;
				GCC_NO_COMMON_BLOCKS = YES;
				GCC_OPTIMIZATION_LEVEL = 0;
				GCC_PREPROCESSOR_DEFINITIONS = (
					"DEBUG=1",
					"$(inherited)",
				);
				GCC_WARN_64_TO_32_BIT_CONVERSION = YES;
				GCC_WARN_ABOUT_RETURN_TYPE = YES_ERROR;
				GCC_WARN_UNDECLARED_SELECTOR = YES;
				GCC_WARN_UNINITIALIZED_AUTOS = YES_AGGRESSIVE;
				GCC_WARN_UNUSED_FUNCTION = YES;
				GCC_WARN_UNUSED_VARIABLE = YES;
				IPHONEOS_DEPLOYMENT_TARGET = 11.4;
				MTL_ENABLE_DEBUG_INFO = YES;
				ONLY_ACTIVE_ARCH = YES;
				SDKROOT = iphoneos;
				SWIFT_ACTIVE_COMPILATION_CONDITIONS = DEBUG;
				SWIFT_OPTIMIZATION_LEVEL = "-Onone";
			};
			name = Debug;
		};
		2B4431002148A945003A494E /* Release */ = {
			isa = XCBuildConfiguration;
			buildSettings = {
				ALWAYS_SEARCH_USER_PATHS = NO;
				CLANG_ANALYZER_NONNULL = YES;
				CLANG_ANALYZER_NUMBER_OBJECT_CONVERSION = YES_AGGRESSIVE;
				CLANG_CXX_LANGUAGE_STANDARD = "gnu++14";
				CLANG_CXX_LIBRARY = "libc++";
				CLANG_ENABLE_MODULES = YES;
				CLANG_ENABLE_OBJC_ARC = YES;
				CLANG_ENABLE_OBJC_WEAK = YES;
				CLANG_WARN_BLOCK_CAPTURE_AUTORELEASING = YES;
				CLANG_WARN_BOOL_CONVERSION = YES;
				CLANG_WARN_COMMA = YES;
				CLANG_WARN_CONSTANT_CONVERSION = YES;
				CLANG_WARN_DEPRECATED_OBJC_IMPLEMENTATIONS = YES;
				CLANG_WARN_DIRECT_OBJC_ISA_USAGE = YES_ERROR;
				CLANG_WARN_DOCUMENTATION_COMMENTS = YES;
				CLANG_WARN_EMPTY_BODY = YES;
				CLANG_WARN_ENUM_CONVERSION = YES;
				CLANG_WARN_INFINITE_RECURSION = YES;
				CLANG_WARN_INT_CONVERSION = YES;
				CLANG_WARN_NON_LITERAL_NULL_CONVERSION = YES;
				CLANG_WARN_OBJC_IMPLICIT_RETAIN_SELF = YES;
				CLANG_WARN_OBJC_LITERAL_CONVERSION = YES;
				CLANG_WARN_OBJC_ROOT_CLASS = YES_ERROR;
				CLANG_WARN_RANGE_LOOP_ANALYSIS = YES;
				CLANG_WARN_STRICT_PROTOTYPES = YES;
				CLANG_WARN_SUSPICIOUS_MOVE = YES;
				CLANG_WARN_UNGUARDED_AVAILABILITY = YES_AGGRESSIVE;
				CLANG_WARN_UNREACHABLE_CODE = YES;
				CLANG_WARN__DUPLICATE_METHOD_MATCH = YES;
				CODE_SIGN_IDENTITY = "iPhone Developer";
				COPY_PHASE_STRIP = NO;
				DEBUG_INFORMATION_FORMAT = "dwarf-with-dsym";
				ENABLE_NS_ASSERTIONS = NO;
				ENABLE_STRICT_OBJC_MSGSEND = YES;
				GCC_C_LANGUAGE_STANDARD = gnu11;
				GCC_NO_COMMON_BLOCKS = YES;
				GCC_WARN_64_TO_32_BIT_CONVERSION = YES;
				GCC_WARN_ABOUT_RETURN_TYPE = YES_ERROR;
				GCC_WARN_UNDECLARED_SELECTOR = YES;
				GCC_WARN_UNINITIALIZED_AUTOS = YES_AGGRESSIVE;
				GCC_WARN_UNUSED_FUNCTION = YES;
				GCC_WARN_UNUSED_VARIABLE = YES;
				IPHONEOS_DEPLOYMENT_TARGET = 11.4;
				MTL_ENABLE_DEBUG_INFO = NO;
				SDKROOT = iphoneos;
				SWIFT_COMPILATION_MODE = wholemodule;
				SWIFT_OPTIMIZATION_LEVEL = "-O";
				VALIDATE_PRODUCT = YES;
			};
			name = Release;
		};
		2B4431022148A945003A494E /* Debug */ = {
			isa = XCBuildConfiguration;
			buildSettings = {
				ASSETCATALOG_COMPILER_APPICON_NAME = AppIcon;
				CODE_SIGN_STYLE = Automatic;
				INFOPLIST_FILE = Count3/Info.plist;
				LD_RUNPATH_SEARCH_PATHS = (
					"$(inherited)",
					"@executable_path/Frameworks",
				);
				PRODUCT_BUNDLE_IDENTIFIER = com.lit.Count3;
				PRODUCT_NAME = "$(TARGET_NAME)";
				SWIFT_VERSION = 4.0;
				TARGETED_DEVICE_FAMILY = "1,2";
			};
			name = Debug;
		};
		2B4431032148A945003A494E /* Release */ = {
			isa = XCBuildConfiguration;
			buildSettings = {
				ASSETCATALOG_COMPILER_APPICON_NAME = AppIcon;
				CODE_SIGN_STYLE = Automatic;
				INFOPLIST_FILE = Count3/Info.plist;
				LD_RUNPATH_SEARCH_PATHS = (
					"$(inherited)",
					"@executable_path/Frameworks",
				);
				PRODUCT_BUNDLE_IDENTIFIER = com.lit.Count3;
				PRODUCT_NAME = "$(TARGET_NAME)";
				SWIFT_VERSION = 4.0;
				TARGETED_DEVICE_FAMILY = "1,2";
			};
			name = Release;
		};
		2B4431052148A945003A494E /* Debug */ = {
			isa = XCBuildConfiguration;
			buildSettings = {
				ALWAYS_EMBED_SWIFT_STANDARD_LIBRARIES = YES;
				BUNDLE_LOADER = "$(TEST_HOST)";
				CODE_SIGN_STYLE = Automatic;
				INFOPLIST_FILE = Count3Tests/Info.plist;
				LD_RUNPATH_SEARCH_PATHS = (
					"$(inherited)",
					"@executable_path/Frameworks",
					"@loader_path/Frameworks",
				);
				PRODUCT_BUNDLE_IDENTIFIER = com.lit.Count3Tests;
				PRODUCT_NAME = "$(TARGET_NAME)";
				SWIFT_VERSION = 4.0;
				TARGETED_DEVICE_FAMILY = "1,2";
				TEST_HOST = "$(BUILT_PRODUCTS_DIR)/Count3.app/Count3";
			};
			name = Debug;
		};
		2B4431062148A945003A494E /* Release */ = {
			isa = XCBuildConfiguration;
			buildSettings = {
				ALWAYS_EMBED_SWIFT_STANDARD_LIBRARIES = YES;
				BUNDLE_LOADER = "$(TEST_HOST)";
				CODE_SIGN_STYLE = Automatic;
				INFOPLIST_FILE = Count3Tests/Info.plist;
				LD_RUNPATH_SEARCH_PATHS = (
					"$(inherited)",
					"@executable_path/Frameworks",
					"@loader_path/Frameworks",
				);
				PRODUCT_BUNDLE_IDENTIFIER = com.lit.Count3Tests;
				PRODUCT_NAME = "$(TARGET_NAME)";
				SWIFT_VERSION = 4.0;
				TARGETED_DEVICE_FAMILY = "1,2";
				TEST_HOST = "$(BUILT_PRODUCTS_DIR)/Count3.app/Count3";
			};
			name = Release;
		};
		2B4431082148A945003A494E /* Debug */ = {
			isa = XCBuildConfiguration;
			buildSettings = {
				ALWAYS_EMBED_SWIFT_STANDARD_LIBRARIES = YES;
				CODE_SIGN_STYLE = Automatic;
				INFOPLIST_FILE = Count3UITests/Info.plist;
				LD_RUNPATH_SEARCH_PATHS = (
					"$(inherited)",
					"@executable_path/Frameworks",
					"@loader_path/Frameworks",
				);
				PRODUCT_BUNDLE_IDENTIFIER = com.lit.Count3UITests;
				PRODUCT_NAME = "$(TARGET_NAME)";
				SWIFT_VERSION = 4.0;
				TARGETED_DEVICE_FAMILY = "1,2";
				TEST_TARGET_NAME = Count3;
			};
			name = Debug;
		};
		2B4431092148A945003A494E /* Release */ = {
			isa = XCBuildConfiguration;
			buildSettings = {
				ALWAYS_EMBED_SWIFT_STANDARD_LIBRARIES = YES;
				CODE_SIGN_STYLE = Automatic;
				INFOPLIST_FILE = Count3UITests/Info.plist;
				LD_RUNPATH_SEARCH_PATHS = (
					"$(inherited)",
					"@executable_path/Frameworks",
					"@loader_path/Frameworks",
				);
				PRODUCT_BUNDLE_IDENTIFIER = com.lit.Count3UITests;
				PRODUCT_NAME = "$(TARGET_NAME)";
				SWIFT_VERSION = 4.0;
				TARGETED_DEVICE_FAMILY = "1,2";
				TEST_TARGET_NAME = Count3;
			};
			name = Release;
		};
/* End XCBuildConfiguration section */

/* Begin XCConfigurationList section */
		2B4430D42148A944003A494E /* Build configuration list for PBXProject "Count3" */ = {
			isa = XCConfigurationList;
			buildConfigurations = (
				2B4430FF2148A945003A494E /* Debug */,
				2B4431002148A945003A494E /* Release */,
			);
			defaultConfigurationIsVisible = 0;
			defaultConfigurationName = Release;
		};
		2B4431012148A945003A494E /* Build configuration list for PBXNativeTarget "Count3" */ = {
			isa = XCConfigurationList;
			buildConfigurations = (
				2B4431022148A945003A494E /* Debug */,
				2B4431032148A945003A494E /* Release */,
			);
			defaultConfigurationIsVisible = 0;
			defaultConfigurationName = Release;
		};
		2B4431042148A945003A494E /* Build configuration list for PBXNativeTarget "Count3Tests" */ = {
			isa = XCConfigurationList;
			buildConfigurations = (
				2B4431052148A945003A494E /* Debug */,
				2B4431062148A945003A494E /* Release */,
			);
			defaultConfigurationIsVisible = 0;
			defaultConfigurationName = Release;
		};
		2B4431072148A945003A494E /* Build configuration list for PBXNativeTarget "Count3UITests" */ = {
			isa = XCConfigurationList;
			buildConfigurations = (
				2B4431082148A945003A494E /* Debug */,
				2B4431092148A945003A494E /* Release */,
			);
			defaultConfigurationIsVisible = 0;
			defaultConfigurationName = Release;
		};
/* End XCConfigurationList section */
	};
	rootObject = 2B4430D12148A944003A494E /* Project object */;
}
